version = 1
revision = 3
requires-python = "==3.12.*"
resolution-markers = [
    "platform_machine == 'arm64' and sys_platform == 'darwin'",
    "platform_machine == 'x86_64' and sys_platform == 'linux'",
]
supported-markers = [
    "platform_machine == 'arm64' and sys_platform == 'darwin'",
    "platform_machine == 'x86_64' and sys_platform == 'linux'",
]

[[package]]
name = "contourpy"
version = "1.3.3"
source = { registry = "https://pypi.org/simple" }
dependencies = [
    { name = "numpy", marker = "(platform_machine == 'arm64' and sys_platform == 'darwin') or (platform_machine == 'x86_64' and sys_platform == 'linux')" },
]
sdist = { url = "https://files.pythonhosted.org/packages/58/01/1253e6698a07380cd31a736d248a3f2a50a7c88779a1813da27503cadc2a/contourpy-1.3.3.tar.gz", hash = "sha256:083e12155b210502d0bca491432bb04d56dc3432f95a979b429f2848c3dbe880", size = 13466174, upload-time = "2025-07-26T12:03:12.549Z" }
wheels = [
    { url = "https://files.pythonhosted.org/packages/53/3e/405b59cfa13021a56bba395a6b3aca8cec012b45bf177b0eaf7a202cde2c/contourpy-1.3.3-cp312-cp312-macosx_11_0_arm64.whl", hash = "sha256:556dba8fb6f5d8742f2923fe9457dbdd51e1049c4a43fd3986a0b14a1d815fc6", size = 273979, upload-time = "2025-07-26T12:01:22.448Z" },
    { url = "https://files.pythonhosted.org/packages/cc/8f/ec6289987824b29529d0dfda0d74a07cec60e54b9c92f3c9da4c0ac732de/contourpy-1.3.3-cp312-cp312-manylinux_2_27_x86_64.manylinux_2_28_x86_64.whl", hash = "sha256:4d00e655fcef08aba35ec9610536bfe90267d7ab5ba944f7032549c55a146da1", size = 362601, upload-time = "2025-07-26T12:01:28.808Z" },
    { url = "https://files.pythonhosted.org/packages/33/1d/acad9bd4e97f13f3e2b18a3977fe1b4a37ecf3d38d815333980c6c72e963/contourpy-1.3.3-cp312-cp312-musllinux_1_2_x86_64.whl", hash = "sha256:459c1f020cd59fcfe6650180678a9993932d80d44ccde1fa1868977438f0b411", size = 1403386, upload-time = "2025-07-26T12:01:33.947Z" },
]

[[package]]
name = "cycler"
version = "0.12.1"
source = { registry = "https://pypi.org/simple" }
sdist = { url = "https://files.pythonhosted.org/packages/a9/95/a3dbbb5028f35eafb79008e7522a75244477d2838f38cbb722248dabc2a8/cycler-0.12.1.tar.gz", hash = "sha256:88bb128f02ba341da8ef447245a9e138fae777f6a23943da4540077d3601eb1c", size = 7615, upload-time = "2023-10-07T05:32:18.335Z" }
wheels = [
    { url = "https://files.pythonhosted.org/packages/e7/05/c19819d5e3d95294a6f5947fb9b9629efb316b96de511b418c53d245aae6/cycler-0.12.1-py3-none-any.whl", hash = "sha256:85cef7cff222d8644161529808465972e51340599459b8ac3ccbac5a854e0d30", size = 8321, upload-time = "2023-10-07T05:32:16.783Z" },
]

[[package]]
name = "fonttools"
version = "4.63.0"
source = { registry = "https://pypi.org/simple" }
sdist = { url = "https://files.pythonhosted.org/packages/84/69/c97f2c18e0db87d2c7b15da1974dace76ae938f1cfa22e2727a648b7ed43/fonttools-4.63.0.tar.gz", hash = "sha256:caeb583deeb5168e694b65cda8b4ee62abedfa66cf88488734466f2366b9c4e0", size = 3597189, upload-time = "2026-05-14T12:04:30.958Z" }
wheels = [
    { url = "https://files.pythonhosted.org/packages/08/ef/b3c6b9b5be2f82416d73fe2ed2e96e2793cd80e7510bd6a17ca79cdd88ec/fonttools-4.63.0-cp312-cp312-macosx_10_13_universal2.whl", hash = "sha256:37dd23e621e3b0aef1baa70a303b80aaf38449632cfc8fd2a55fb285bbccfc02", size = 2881131, upload-time = "2026-05-14T12:03:13.386Z" },
    { url = "https://files.pythonhosted.org/packages/77/c7/2342da9830e3e9d4870305ca5d2091d2a83284f2953079b7bdd3b5e029d8/fonttools-4.63.0-cp312-cp312-manylinux2014_x86_64.manylinux_2_17_x86_64.whl", hash = "sha256:58dc6bb86a78d782f00f9190ca02c119cf5bbe2807536e361e18d42019f877d8", size = 4999800, upload-time = "2026-05-14T12:03:20.161Z" },
    { url = "https://files.pythonhosted.org/packages/f2/00/3bbab338c07c71fa56269953845e92c951a61457bbbb0f1022551ea266d9/fonttools-4.63.0-cp312-cp312-musllinux_1_2_x86_64.whl", hash = "sha256:27fdc65af8da6f88b9c6121c47a464cbe359fcfff7ff6fc2d37a1f395d755b78", size = 5133598, upload-time = "2026-05-14T12:03:25.168Z" },
    { url = "https://files.pythonhosted.org/packages/2c/47/c99d5268f354002ce80f8d029cd9d7d872969da1de8b93d32de4dc56d6f4/fonttools-4.63.0-py3-none-any.whl", hash = "sha256:445af2eab030a16b9171ea8bdda7ebf7d96bda2df88ee182a464252f6e05e20d", size = 1164562, upload-time = "2026-05-14T12:04:29.092Z" },
]

[[package]]
name = "iniconfig"
version = "2.3.0"
source = { registry = "https://pypi.org/simple" }
sdist = { url = "https://files.pythonhosted.org/packages/72/34/14ca021ce8e5dfedc35312d08ba8bf51fdd999c576889fc2c24cb97f4f10/iniconfig-2.3.0.tar.gz", hash = "sha256:c76315c77db068650d49c5b56314774a7804df16fee4402c1f19d6d15d8c4730", size = 20503, upload-time = "2025-10-18T21:55:43.219Z" }
wheels = [
    { url = "https://files.pythonhosted.org/packages/cb/b1/3846dd7f199d53cb17f49cba7e651e9ce294d8497c8c150530ed11865bb8/iniconfig-2.3.0-py3-none-any.whl", hash = "sha256:f631c04d2c48c52b84d0d0549c99ff3859c98df65b3101406327ecc7d53fbf12", size = 7484, upload-time = "2025-10-18T21:55:41.639Z" },
]

[[package]]
name = "kiwisolver"
version = "1.5.0"
source = { registry = "https://pypi.org/simple" }
sdist = { url = "https://files.pythonhosted.org/packages/d0/67/9c61eccb13f0bdca9307614e782fec49ffdde0f7a2314935d489fa93cd9c/kiwisolver-1.5.0.tar.gz", hash = "sha256:d4193f3d9dc3f6f79aaed0e5637f45d98850ebf01f7ca20e69457f3e8946b66a", size = 103482, upload-time = "2026-03-09T13:15:53.382Z" }
wheels = [
    { url = "https://files.pythonhosted.org/packages/4d/b2/818b74ebea34dabe6d0c51cb1c572e046730e64844da6ed646d5298c40ce/kiwisolver-1.5.0-cp312-cp312-macosx_10_13_universal2.whl", hash = "sha256:4e9750bc21b886308024f8a54ccb9a2cc38ac9fa813bf4348434e3d54f337ff9", size = 123158, upload-time = "2026-03-09T13:13:23.127Z" },
    { url = "https://files.pythonhosted.org/packages/99/9f/795fedf35634f746151ca8839d05681ceb6287fbed6cc1c9bf235f7887c2/kiwisolver-1.5.0-cp312-cp312-macosx_11_0_arm64.whl", hash = "sha256:ed3a984b31da7481b103f68776f7128a89ef26ed40f4dc41a2223cda7fb24819", size = 64068, upload-time = "2026-03-09T13:13:25.878Z" },
    { url = "https://files.pythonhosted.org/packages/c4/13/680c54afe3e65767bed7ec1a15571e1a2f1257128733851ade24abcefbcc/kiwisolver-1.5.0-cp312-cp312-manylinux2014_x86_64.manylinux_2_17_x86_64.whl", hash = "sha256:bb5136fb5352d3f422df33f0c879a1b0c204004324150cc3b5e3c4f310c9049f", size = 1477934, upload-time = "2026-03-09T13:13:27.166Z" },
    { url = "https://files.pythonhosted.org/packages/e4/34/8aefdd0be9cfd00a44509251ba864f5caf2991e36772e61c408007e7f417/kiwisolver-1.5.0-cp312-cp312-musllinux_1_2_x86_64.whl", hash = "sha256:1d9daea4ea6b9be74fe2f01f7fbade8d6ffab263e781274cffca0dba9be9eec9", size = 2294947, upload-time = "2026-03-09T13:13:43.343Z" },
    { url = "https://files.pythonhosted.org/packages/0f/41/c5f71f9f00aabcc71fee8b7475e3f64747282580c2fe748961ba29b18385/kiwisolver-1.5.0-graalpy312-graalpy250_312_native-macosx_11_0_arm64.whl", hash = "sha256:f6764a4ccab3078db14a632420930f6186058750df066b8ea2a7106df91d3203", size = 138036, upload-time = "2026-03-09T13:15:36.894Z" },
    { url = "https://files.pythonhosted.org/packages/fa/06/7399a607f434119c6e1fdc8ec89a8d51ccccadf3341dee4ead6bd14caaf5/kiwisolver-1.5.0-graalpy312-graalpy250_312_native-manylinux_2_24_x86_64.manylinux_2_28_x86_64.whl", hash = "sha256:c31c13da98624f957b0fb1b5bae5383b2333c2c3f6793d9825dd5ce79b525cb7", size = 194295, upload-time = "2026-03-09T13:15:38.22Z" },
]

[[package]]
name = "matplotlib"
version = "3.11.1"
source = { registry = "https://pypi.org/simple" }
dependencies = [
    { name = "contourpy", marker = "(platform_machine == 'arm64' and sys_platform == 'darwin') or (platform_machine == 'x86_64' and sys_platform == 'linux')" },
    { name = "cycler", marker = "(platform_machine == 'arm64' and sys_platform == 'darwin') or (platform_machine == 'x86_64' and sys_platform == 'linux')" },
    { name = "fonttools", marker = "(platform_machine == 'arm64' and sys_platform == 'darwin') or (platform_machine == 'x86_64' and sys_platform == 'linux')" },
    { name = "kiwisolver", marker = "(platform_machine == 'arm64' and sys_platform == 'darwin') or (platform_machine == 'x86_64' and sys_platform == 'linux')" },
    { name = "numpy", marker = "(platform_machine == 'arm64' and sys_platform == 'darwin') or (platform_machine == 'x86_64' and sys_platform == 'linux')" },
    { name = "packaging", marker = "(platform_machine == 'arm64' and sys_platform == 'darwin') or (platform_machine == 'x86_64' and sys_platform == 'linux')" },
    { name = "pillow", marker = "(platform_machine == 'arm64' and sys_platform == 'darwin') or (platform_machine == 'x86_64' and sys_platform == 'linux')" },
    { name = "pyparsing", marker = "(platform_machine == 'arm64' and sys_platform == 'darwin') or (platform_machine == 'x86_64' and sys_platform == 'linux')" },
    { name = "python-dateutil", marker = "(platform_machine == 'arm64' and sys_platform == 'darwin') or (platform_machine == 'x86_64' and sys_platform == 'linux')" },
]
sdist = { url = "https://files.pythonhosted.org/packages/49/64/f9a391af28f518b11ad45a8a712353c94a0aefce09d3703200e5c54b610a/matplotlib-3.11.1.tar.gz", hash = "sha256:69647db5746941c793d6e445a4cd349323ffb87d9cc958c2ad84a659b4832d30", size = 32612045, upload-time = "2026-07-18T03:39:46.63Z" }
wheels = [
    { url = "https://files.pythonhosted.org/packages/eb/f8/6d0c312c8d9738e7d9677f09fe5c986b3239e651a7b73a2deb38b65e4a71/matplotlib-3.11.1-cp312-cp312-macosx_11_0_arm64.whl", hash = "sha256:21a67b961a6d597bca54fae826cd20695ba4a6e4d05424a08da6e13e3176fd6b", size = 9283113, upload-time = "2026-07-18T03:38:21.95Z" },
    { url = "https://files.pythonhosted.org/packages/c9/cf/b4ad2cc81b6672ea29ea04e64e350a9f9b493b0908ccd884c67eeff8f7b2/matplotlib-3.11.1-cp312-cp312-manylinux2014_x86_64.manylinux_2_17_x86_64.whl", hash = "sha256:ba8f811b8ddfac493734d6af0b2dff96919d0c28ca0d641858dab4262777c6ea", size = 10035615, upload-time = "2026-07-18T03:38:24.315Z" },
    { url = "https://files.pythonhosted.org/packages/88/eb/799612d0f8cd3e816a10fec59329fca52cd2353264df80378dfc541ae855/matplotlib-3.11.1-cp312-cp312-musllinux_1_2_x86_64.whl", hash = "sha256:8b14eb22961fe865efb0e4ff167e333e428908b00115a8d800ccb65ee108e481", size = 10927532, upload-time = "2026-07-18T03:38:28.532Z" },
]

[[package]]
name = "networkx"
version = "3.6.1"
source = { registry = "https://pypi.org/simple" }
sdist = { url = "https://files.pythonhosted.org/packages/6a/51/63fe664f3908c97be9d2e4f1158eb633317598cfa6e1fc14af5383f17512/networkx-3.6.1.tar.gz", hash = "sha256:26b7c357accc0c8cde558ad486283728b65b6a95d85ee1cd66bafab4c8168509", size = 2517025, upload-time = "2025-12-08T17:02:39.908Z" }
wheels = [
    { url = "https://files.pythonhosted.org/packages/9e/c9/b2622292ea83fbb4ec318f5b9ab867d0a28ab43c5717bb85b0a5f6b3b0a4/networkx-3.6.1-py3-none-any.whl", hash = "sha256:d47fbf302e7d9cbbb9e2555a0d267983d2aa476bac30e90dfbe5669bd57f3762", size = 2068504, upload-time = "2025-12-08T17:02:38.159Z" },
]

[[package]]
name = "numpy"
version = "2.4.2"
source = { registry = "https://pypi.org/simple" }
sdist = { url = "https://files.pythonhosted.org/packages/57/fd/0005efbd0af48e55eb3c7208af93f2862d4b1a56cd78e84309a2d959208d/numpy-2.4.2.tar.gz", hash = "sha256:659a6107e31a83c4e33f763942275fd278b21d095094044eb35569e86a21ddae", size = 20723651, upload-time = "2026-01-31T23:13:10.135Z" }
wheels = [
    { url = "https://files.pythonhosted.org/packages/1f/f8/55483431f2b2fd015ae6ed4fe62288823ce908437ed49db5a03d15151678/numpy-2.4.2-cp312-cp312-macosx_11_0_arm64.whl", hash = "sha256:40397bda92382fcec844066efb11f13e1c9a3e2a8e8f318fb72ed8b6db9f60f1", size = 14693571, upload-time = "2026-01-31T23:10:54.789Z" },
    { url = "https://files.pythonhosted.org/packages/2f/20/18026832b1845cdc82248208dd929ca14c9d8f2bac391f67440707fff27c/numpy-2.4.2-cp312-cp312-macosx_14_0_arm64.whl", hash = "sha256:b3a24467af63c67829bfaa61eecf18d5432d4f11992688537be59ecd6ad32f5e", size = 5203469, upload-time = "2026-01-31T23:10:57.343Z" },
    { url = "https://files.pythonhosted.org/packages/f5/c6/a18e59f3f0b8071cc85cbc8d80cd02d68aa9710170b2553a117203d46936/numpy-2.4.2-cp312-cp312-manylinux_2_27_x86_64.manylinux_2_28_x86_64.whl", hash = "sha256:9e35d3e0144137d9fdae62912e869136164534d64a169f86438bc9561b6ad49f", size = 16619782, upload-time = "2026-01-31T23:11:03.669Z" },
    { url = "https://files.pythonhosted.org/packages/61/c4/c4066322256ec740acc1c8923a10047818691d2f8aec254798f3dd90f5f2/numpy-2.4.2-cp312-cp312-musllinux_1_2_x86_64.whl", hash = "sha256:8906e71fd8afcb76580404e2a950caef2685df3d2a57fe82a86ac8d33cc007ba", size = 18345324, upload-time = "2026-01-31T23:11:08.248Z" },
]

[[package]]
name = "packaging"
version = "26.3"
source = { registry = "https://pypi.org/simple" }
sdist = { url = "https://files.pythonhosted.org/packages/7d/fa/3944b40b07da9ce895c0e6303a5ab7d53da063554f534556b134a54d6093/packaging-26.3.tar.gz", hash = "sha256:94edc256424af38762eb31306eed28beb9f0efc50a8837492c9d6fd6004aed79", size = 313412, upload-time = "2026-08-04T18:15:28.737Z" }
wheels = [
    { url = "https://files.pythonhosted.org/packages/63/34/ba1c580383c9eada3711951fef0795c80b829a078d72188184bcab9dd527/packaging-26.3-py3-none-any.whl", hash = "sha256:d7193f7c8e4e93f444fde0262bf90af30e16fa0ad0ad44cb553c87339b23cd1c", size = 129956, upload-time = "2026-08-04T18:15:27.159Z" },
]

[[package]]
name = "pillow"
version = "12.3.0"
source = { registry = "https://pypi.org/simple" }
sdist = { url = "https://files.pythonhosted.org/packages/1c/3d/bb7fca845737cf9d7dbde16ed1843984665ff2e0a518f5db43e77ec540b9/pillow-12.3.0.tar.gz", hash = "sha256:3b8182a766685eaa002637e28b4ec8d6b18819a0c71f579bf0dbaa5830297cce", size = 47025035, upload-time = "2026-07-01T11:56:38.965Z" }
wheels = [
    { url = "https://files.pythonhosted.org/packages/d8/66/9a386a92561f402389a4fc70c18838bf6d35eb5eb5c6850b4b2dc64f5048/pillow-12.3.0-cp312-cp312-macosx_11_0_arm64.whl", hash = "sha256:ffd0c5368496f41b0944be820fcb7a838aa6e623d250b01acf2643939c3f99d7", size = 4780323, upload-time = "2026-07-01T11:54:09.351Z" },
    { url = "https://files.pythonhosted.org/packages/84/21/a35af28dcc61f37ed850a2d64c65c701321dfbf25085e469d5559360cbbf/pillow-12.3.0-cp312-cp312-manylinux_2_27_x86_64.manylinux_2_28_x86_64.whl", hash = "sha256:78cb2c6865a35ab8ff8b75fd122f6033b92a62c82801110e48ddd6c936a45d91", size = 6940830, upload-time = "2026-07-01T11:54:13.732Z" },
    { url = "https://files.pythonhosted.org/packages/1d/72/cf78ac9780bb93c28328f408973845a309d4d145041665f734572ced1b52/pillow-12.3.0-cp312-cp312-musllinux_1_2_x86_64.whl", hash = "sha256:0dd2064cbc55aaec028ef5fbb60fa47bb6c3e7918e07ff17935284b227a9d2df", size = 7052934, upload-time = "2026-07-01T11:54:17.721Z" },
]

[[package]]
name = "pluggy"
version = "1.6.0"
source = { registry = "https://pypi.org/simple" }
sdist = { url = "https://files.pythonhosted.org/packages/f9/e2/3e91f31a7d2b083fe6ef3fa267035b518369d9511ffab804f839851d2779/pluggy-1.6.0.tar.gz", hash = "sha256:7dcc130b76258d33b90f61b658791dede3486c3e6bfb003ee5c9bfb396dd22f3", size = 69412, upload-time = "2025-05-15T12:30:07.975Z" }
wheels = [
    { url = "https://files.pythonhosted.org/packages/54/20/4d324d65cc6d9205fabedc306948156824eb9f0ee1633355a8f7ec5c66bf/pluggy-1.6.0-py3-none-any.whl", hash = "sha256:e920276dd6813095e9377c0bc5566d94c932c33b27a3e3945d8389c374dd4746", size = 20538, upload-time = "2025-05-15T12:30:06.134Z" },
]

[[package]]
name = "pygments"
version = "2.20.0"
source = { registry = "https://pypi.org/simple" }
sdist = { url = "https://files.pythonhosted.org/packages/c3/b2/bc9c9196916376152d655522fdcebac55e66de6603a76a02bca1b6414f6c/pygments-2.20.0.tar.gz", hash = "sha256:6757cd03768053ff99f3039c1a36d6c0aa0b263438fcab17520b30a303a82b5f", size = 4955991, upload-time = "2026-03-29T13:29:33.898Z" }
wheels = [
    { url = "https://files.pythonhosted.org/packages/f4/7e/a72dd26f3b0f4f2bf1dd8923c85f7ceb43172af56d63c7383eb62b332364/pygments-2.20.0-py3-none-any.whl", hash = "sha256:81a9e26dd42fd28a23a2d169d86d7ac03b46e2f8b59ed4698fb4785f946d0176", size = 1231151, upload-time = "2026-03-29T13:29:30.038Z" },
]

[[package]]
name = "pymatching"
version = "2.3.1"
source = { registry = "https://pypi.org/simple" }
dependencies = [
    { name = "matplotlib", marker = "(platform_machine == 'arm64' and sys_platform == 'darwin') or (platform_machine == 'x86_64' and sys_platform == 'linux')" },
    { name = "networkx", marker = "(platform_machine == 'arm64' and sys_platform == 'darwin') or (platform_machine == 'x86_64' and sys_platform == 'linux')" },
    { name = "numpy", marker = "(platform_machine == 'arm64' and sys_platform == 'darwin') or (platform_machine == 'x86_64' and sys_platform == 'linux')" },
    { name = "scipy", marker = "(platform_machine == 'arm64' and sys_platform == 'darwin') or (platform_machine == 'x86_64' and sys_platform == 'linux')" },
]
sdist = { url = "https://files.pythonhosted.org/packages/c5/92/60f1419500b49afb0925b0536538c352ef71b4bf182c28b0e3861141fc81/pymatching-2.3.1.tar.gz", hash = "sha256:dac1afab0a190a003a3689a18c3afc5c99a5beaa6a099d79e3d4c8b24c1fa7c5", size = 347052, upload-time = "2025-09-25T21:46:25.293Z" }
wheels = [
    { url = "https://files.pythonhosted.org/packages/33/e9/cf2302b391f7c692feed5c1cddb07c2667722dd2944232cfb4c1a691e2ca/pymatching-2.3.1-cp312-cp312-macosx_11_0_arm64.whl", hash = "sha256:4bde7bac71e3b1b1d55569c664a7a2d0b0d87962df12b9b45ce3e287d0ac0dff", size = 380195, upload-time = "2025-09-25T21:46:07.26Z" },
    { url = "https://files.pythonhosted.org/packages/da/b5/25e97b533495a839780c89dac2b56e2b683100945ac4149645f9d95e7aee/pymatching-2.3.1-cp312-cp312-manylinux_2_27_x86_64.manylinux_2_28_x86_64.whl", hash = "sha256:b90cf168645adb78c9f81dd60c9e97e2aae005386b5795b54c8b4055d1492b1b", size = 626112, upload-time = "2025-09-25T21:46:09.591Z" },
]

[[package]]
name = "pyparsing"
version = "3.3.2"
source = { registry = "https://pypi.org/simple" }
sdist = { url = "https://files.pythonhosted.org/packages/f3/91/9c6ee907786a473bf81c5f53cf703ba0957b23ab84c264080fb5a450416f/pyparsing-3.3.2.tar.gz", hash = "sha256:c777f4d763f140633dcb6d8a3eda953bf7a214dc4eff598413c070bcdc117cbc", size = 6851574, upload-time = "2026-01-21T03:57:59.36Z" }
wheels = [
    { url = "https://files.pythonhosted.org/packages/10/bd/c038d7cc38edc1aa5bf91ab8068b63d4308c66c4c8bb3cbba7dfbc049f9c/pyparsing-3.3.2-py3-none-any.whl", hash = "sha256:850ba148bd908d7e2411587e247a1e4f0327839c40e2e5e6d05a007ecc69911d", size = 122781, upload-time = "2026-01-21T03:57:55.912Z" },
]

[[package]]
name = "pytest"
version = "9.0.2"
source = { registry = "https://pypi.org/simple" }
dependencies = [
    { name = "iniconfig", marker = "(platform_machine == 'arm64' and sys_platform == 'darwin') or (platform_machine == 'x86_64' and sys_platform == 'linux')" },
    { name = "packaging", marker = "(platform_machine == 'arm64' and sys_platform == 'darwin') or (platform_machine == 'x86_64' and sys_platform == 'linux')" },
    { name = "pluggy", marker = "(platform_machine == 'arm64' and sys_platform == 'darwin') or (platform_machine == 'x86_64' and sys_platform == 'linux')" },
    { name = "pygments", marker = "(platform_machine == 'arm64' and sys_platform == 'darwin') or (platform_machine == 'x86_64' and sys_platform == 'linux')" },
]
sdist = { url = "https://files.pythonhosted.org/packages/d1/db/7ef3487e0fb0049ddb5ce41d3a49c235bf9ad299b6a25d5780a89f19230f/pytest-9.0.2.tar.gz", hash = "sha256:75186651a92bd89611d1d9fc20f0b4345fd827c41ccd5c299a868a05d70edf11", size = 1568901, upload-time = "2025-12-06T21:30:51.014Z" }
wheels = [
    { url = "https://files.pythonhosted.org/packages/3b/ab/b3226f0bd7cdcf710fbede2b3548584366da3b19b5021e74f5bde2a8fa3f/pytest-9.0.2-py3-none-any.whl", hash = "sha256:711ffd45bf766d5264d487b917733b453d917afd2b0ad65223959f59089f875b", size = 374801, upload-time = "2025-12-06T21:30:49.154Z" },
]

[[package]]
name = "python-dateutil"
version = "2.9.0.post0"
source = { registry = "https://pypi.org/simple" }
dependencies = [
    { name = "six", marker = "(platform_machine == 'arm64' and sys_platform == 'darwin') or (platform_machine == 'x86_64' and sys_platform == 'linux')" },
]
sdist = { url = "https://files.pythonhosted.org/packages/66/c0/0c8b6ad9f17a802ee498c46e004a0eb49bc148f2fd230864601a86dcf6db/python-dateutil-2.9.0.post0.tar.gz", hash = "sha256:37dd54208da7e1cd875388217d5e00ebd4179249f90fb72437e91a35459a0ad3", size = 342432, upload-time = "2024-03-01T18:36:20.211Z" }
wheels = [
    { url = "https://files.pythonhosted.org/packages/ec/57/56b9bcc3c9c6a792fcbaf139543cee77261f3651ca9da0c93f5c1221264b/python_dateutil-2.9.0.post0-py2.py3-none-any.whl", hash = "sha256:a8b2bc7bffae282281c8140a97d3aa9c14da0b136dfe83f850eea9a5f7470427", size = 229892, upload-time = "2024-03-01T18:36:18.57Z" },
]

[[package]]
name = "scipy"
version = "1.17.0"
source = { registry = "https://pypi.org/simple" }
dependencies = [
    { name = "numpy", marker = "(platform_machine == 'arm64' and sys_platform == 'darwin') or (platform_machine == 'x86_64' and sys_platform == 'linux')" },
]
sdist = { url = "https://files.pythonhosted.org/packages/56/3e/9cca699f3486ce6bc12ff46dc2031f1ec8eb9ccc9a320fdaf925f1417426/scipy-1.17.0.tar.gz", hash = "sha256:2591060c8e648d8b96439e111ac41fd8342fdeff1876be2e19dea3fe8930454e", size = 30396830, upload-time = "2026-01-10T21:34:23.009Z" }
wheels = [
    { url = "https://files.pythonhosted.org/packages/ed/1d/5057f812d4f6adc91a20a2d6f2ebcdb517fdbc87ae3acc5633c9b97c8ba5/scipy-1.17.0-cp312-cp312-macosx_12_0_arm64.whl", hash = "sha256:88c22af9e5d5a4f9e027e26772cc7b5922fab8bcc839edb3ae33de404feebd9e", size = 27969012, upload-time = "2026-01-10T21:25:30.921Z" },
    { url = "https://files.pythonhosted.org/packages/e3/21/f6ec556c1e3b6ec4e088da667d9987bb77cc3ab3026511f427dc8451187d/scipy-1.17.0-cp312-cp312-macosx_14_0_arm64.whl", hash = "sha256:f3cd947f20fe17013d401b64e857c6b2da83cae567adbb75b9dcba865abc66d8", size = 20140691, upload-time = "2026-01-10T21:25:34.802Z" },
    { url = "https://files.pythonhosted.org/packages/d1/fe/66d73b76d378ba8cc2fe605920c0c75092e3a65ae746e1e767d9d020a75a/scipy-1.17.0-cp312-cp312-manylinux_2_27_x86_64.manylinux_2_28_x86_64.whl", hash = "sha256:9eeb9b5f5997f75507814ed9d298ab23f62cf79f5a3ef90031b1ee2506abdb5b", size = 35009148, upload-time = "2026-01-10T21:25:50.591Z" },
    { url = "https://files.pythonhosted.org/packages/81/61/0470810c8a093cdacd4ba7504b8a218fd49ca070d79eca23a615f5d9a0b0/scipy-1.17.0-cp312-cp312-musllinux_1_2_x86_64.whl", hash = "sha256:0cf46c8013fec9d3694dc572f0b54100c28405d55d3e2cb15e2895b25057996e", size = 37405953, upload-time = "2026-01-10T21:26:07.75Z" },
]

[[package]]
name = "six"
version = "1.17.0"
source = { registry = "https://pypi.org/simple" }
sdist = { url = "https://files.pythonhosted.org/packages/94/e7/b2c673351809dca68a0e064b6af791aa332cf192da575fd474ed7d6f16a2/six-1.17.0.tar.gz", hash = "sha256:ff70335d468e7eb6ec65b95b99d3a2836546063f63acc5171de367e834932a81", size = 34031, upload-time = "2024-12-04T17:35:28.174Z" }
wheels = [
    { url = "https://files.pythonhosted.org/packages/b7/ce/149a00dd41f10bc29e5921b496af8b574d8413afcd5e30dfa0ed46c2cc5e/six-1.17.0-py2.py3-none-any.whl", hash = "sha256:4721f391ed90541fddacab5acf947aa0d3dc7d27b2e1e8eda2be8970586c3274", size = 11050, upload-time = "2024-12-04T17:35:26.475Z" },
]

[[package]]
name = "stim"
version = "1.15.0"
source = { registry = "https://pypi.org/simple" }
dependencies = [
    { name = "numpy", marker = "(platform_machine == 'arm64' and sys_platform == 'darwin') or (platform_machine == 'x86_64' and sys_platform == 'linux')" },
]
sdist = { url = "https://files.pythonhosted.org/packages/77/15/0218eacd61cda992daf398bc36daf9830c8b430157a3ac0c06379598d24a/stim-1.15.0.tar.gz", hash = "sha256:95236006859d6754be99629d4fb44788e742e962ac8c59caad421ca088f7350e", size = 853226, upload-time = "2025-05-07T06:19:30.452Z" }
wheels = [
    { url = "https://files.pythonhosted.org/packages/46/f3/5aa6a7b31bcc9fb2540f65954b99dbf1e8c5fcd8d0aa164857b74e5eae9a/stim-1.15.0-cp312-cp312-macosx_11_0_arm64.whl", hash = "sha256:fc613f78bc88b4318d7f34f9fddacec52638c11b72cc618f911bdd7ca153f938", size = 1838840, upload-time = "2025-05-07T06:18:46.025Z" },
    { url = "https://files.pythonhosted.org/packages/5b/25/f3b56b07c0c3fb31cb973a5c47ef88da022a859940dd46c910b706fc74aa/stim-1.15.0-cp312-cp312-manylinux_2_17_x86_64.manylinux2014_x86_64.whl", hash = "sha256:fdd9e5ab85ba2fb113b8834422518f6e46a4aea2e0f6f7305cfc2ad0fcd07086", size = 4968123, upload-time = "2025-05-07T06:18:48.197Z" },
]

[[package]]
name = "tenkai-qec"
version = "0.1.0"
source = { editable = "." }
dependencies = [
    { name = "numpy", marker = "(platform_machine == 'arm64' and sys_platform == 'darwin') or (platform_machine == 'x86_64' and sys_platform == 'linux')" },
    { name = "pymatching", marker = "(platform_machine == 'arm64' and sys_platform == 'darwin') or (platform_machine == 'x86_64' and sys_platform == 'linux')" },
    { name = "scipy", marker = "(platform_machine == 'arm64' and sys_platform == 'darwin') or (platform_machine == 'x86_64' and sys_platform == 'linux')" },
    { name = "stim", marker = "(platform_machine == 'arm64' and sys_platform == 'darwin') or (platform_machine == 'x86_64' and sys_platform == 'linux')" },
]

[package.optional-dependencies]
dev = [
    { name = "pytest", marker = "(platform_machine == 'arm64' and sys_platform == 'darwin') or (platform_machine == 'x86_64' and sys_platform == 'linux')" },
]

[package.metadata]
requires-dist = [
    { name = "numpy", specifier = "==2.4.2" },
    { name = "pymatching", specifier = "==2.3.1" },
    { name = "pytest", marker = "extra == 'dev'", specifier = "==9.0.2" },
    { name = "scipy", specifier = "==1.17.0" },
    { name = "stim", specifier = "==1.15.0" },
]
provides-extras = ["dev"]
